<Solution>
  <Project Path="src/Foundation.Core/Foundation.Core.csproj" />
  <Project Path="src/Foundation.Infrastructure/Foundation.Infrastructure.csproj" />
  <Project Path="src/Foundation.Enabling/Foundation.Enabling.csproj" />
  <Project Path="src/Foundation.Contracts/Foundation.Contracts.csproj" />
  <Project Path="src/Foundation.ContractRegistry/Foundation.ContractRegistry.csproj" />
  <Project Path="src/Foundation.SchemaRegistry/Foundation.SchemaRegistry.csproj" />
  <Project Path="src/Foundation.ApplicationManifest/Foundation.ApplicationManifest.csproj" />
  <Project Path="src/Foundation.ArtifactPublication/Foundation.ArtifactPublication.csproj" />
  <Project Path="src/Foundation.MessageAdmission/Foundation.MessageAdmission.csproj" />
  <Project Path="src/Foundation.MessageRouting/Foundation.MessageRouting.csproj" />
  <Project Path="src/Foundation.MessageDelivery/Foundation.MessageDelivery.csproj" />
  <Project Path="src/Foundation.EventSystem/Foundation.EventSystem.csproj" />
  <Project Path="src/Foundation.MessageProtection/Foundation.MessageProtection.csproj" />
  <Project Path="src/Foundation.ApplicationLifecycle/Foundation.ApplicationLifecycle.csproj" />
  <Project Path="src/Foundation.ApplicationRuntimeHosting/Foundation.ApplicationRuntimeHosting.csproj" />
  <Project Path="src/Foundation.IdentityRuntime/Foundation.IdentityRuntime.csproj" />
  <Project Path="src/Foundation.ServiceCatalog/Foundation.ServiceCatalog.csproj" />
  <Project Path="src/Foundation.DependencyGovernance/Foundation.DependencyGovernance.csproj" />
  <Project Path="src/Foundation.Admission/Foundation.Admission.csproj" />
  <Project Path="src/Foundation.Authority/Foundation.Authority.csproj" />
  <Project Path="src/Foundation.Guardian/Foundation.Guardian.csproj" />
  <Project Path="src/Foundation.HealthFitness/Foundation.HealthFitness.csproj" />
  <Project Path="src/Foundation.SelfAwareness/Foundation.SelfAwareness.csproj" />
  <Project Path="src/Foundation.State/Foundation.State.csproj" />
  <Project Path="src/Foundation.Evidence/Foundation.Evidence.csproj" />
  <Project Path="src/Foundation.Reconciliation/Foundation.Reconciliation.csproj" />
  <Project Path="tests/Falcon.Foundation.Architecture.Tests/Falcon.Foundation.Architecture.Tests.csproj" />
  <Project Path="tests/Falcon.Foundation.Security.Tests/Falcon.Foundation.Security.Tests.csproj" />
  <Project Path="verification/Falcon.Stage0B.Verifier/Falcon.Stage0B.Verifier.csproj" />
  <Project Path="verification/Falcon.Stage0C.Verifier/Falcon.Stage0C.Verifier.csproj" />
  <Project Path="verification/Falcon.Stage2.WP01.Verifier/Falcon.Stage2.WP01.Verifier.csproj" />
  <Project Path="verification/Falcon.Stage2.WP02.Verifier/Falcon.Stage2.WP02.Verifier.csproj" />
  <Project Path="verification/Falcon.Stage2.WP03.Verifier/Falcon.Stage2.WP03.Verifier.csproj" />
  <Project Path="verification/Falcon.Stage2.WP04.Verifier/Falcon.Stage2.WP04.Verifier.csproj" />
  <Project Path="verification/Falcon.Stage3.WP01.Verifier/Falcon.Stage3.WP01.Verifier.csproj" />
  <Project Path="verification/Falcon.Stage3.WP02.Verifier/Falcon.Stage3.WP02.Verifier.csproj" />
  <Project Path="verification/Falcon.Stage3.WP03.Verifier/Falcon.Stage3.WP03.Verifier.csproj" />
  <Project Path="verification/Falcon.Stage3.WP04.Verifier/Falcon.Stage3.WP04.Verifier.csproj" />
  <Project Path="verification/Falcon.Stage3.WP05.Verifier/Falcon.Stage3.WP05.Verifier.csproj" />
  <Project Path="verification/Falcon.Stage3.WP06.Verifier/Falcon.Stage3.WP06.Verifier.csproj" />
  <Project Path="verification/Falcon.Stage4.WP01.Verifier/Falcon.Stage4.WP01.Verifier.csproj" />
  <Project Path="verification/Falcon.Stage4.WP02.Verifier/Falcon.Stage4.WP02.Verifier.csproj" />
  <Project Path="verification/Falcon.Stage4.WP03.Verifier/Falcon.Stage4.WP03.Verifier.csproj" />
  <Project Path="verification/Falcon.Stage4.WP04.Verifier/Falcon.Stage4.WP04.Verifier.csproj" />
  <Project Path="verification/Falcon.Stage4.WP05.Verifier/Falcon.Stage4.WP05.Verifier.csproj" />
  <Project Path="verification/Falcon.Stage4.WP06.Verifier/Falcon.Stage4.WP06.Verifier.csproj" />
  <Project Path="verification/Falcon.BaselineIntegrity.Verifier/Falcon.BaselineIntegrity.Verifier.csproj" />
  <Project Path="verification/Falcon.Stage5.WP01.Verifier/Falcon.Stage5.WP01.Verifier.csproj" />
  <Project Path="verification/Falcon.Stage5.WP02.Verifier/Falcon.Stage5.WP02.Verifier.csproj" />
  <Project Path="verification/Falcon.Stage5.WP03.Verifier/Falcon.Stage5.WP03.Verifier.csproj" />
  <Project Path="verification/Falcon.Stage5.WP04.Verifier/Falcon.Stage5.WP04.Verifier.csproj" />
  <Project Path="verification/Falcon.Stage5.WP05.Verifier/Falcon.Stage5.WP05.Verifier.csproj" />
  <Project Path="verification/Falcon.Stage5.WP06.Verifier/Falcon.Stage5.WP06.Verifier.csproj" />
  <Project Path="verification/Falcon.Stage5.WP07.Verifier/Falcon.Stage5.WP07.Verifier.csproj" />
  <Project Path="verification/Falcon.Stage5.WP08.Verifier/Falcon.Stage5.WP08.Verifier.csproj" />
  <Project Path="verification/Falcon.Stage5.WP09.Verifier/Falcon.Stage5.WP09.Verifier.csproj" />
  <Project Path="verification/Falcon.Stage5.WP10.Verifier/Falcon.Stage5.WP10.Verifier.csproj" />
  <Project Path="verification/Falcon.Stage6.WP01.Verifier/Falcon.Stage6.WP01.Verifier.csproj" />
  <Project Path="verification/Falcon.Stage6.WP02.Verifier/Falcon.Stage6.WP02.Verifier.csproj" />
  <Project Path="verification/Falcon.Stage6.WP03.Verifier/Falcon.Stage6.WP03.Verifier.csproj" />
  <Project Path="verification/Falcon.Stage6.WP04.Verifier/Falcon.Stage6.WP04.Verifier.csproj" />
  <Project Path="verification/Falcon.Stage6.WP05.Verifier/Falcon.Stage6.WP05.Verifier.csproj" />
  <Project Path="verification/Falcon.Stage6.WP06.Verifier/Falcon.Stage6.WP06.Verifier.csproj" />
  <Project Path="verification/Falcon.Stage6.WP07.Verifier/Falcon.Stage6.WP07.Verifier.csproj" />
  <Project Path="verification/Falcon.Stage6.WP08.Verifier/Falcon.Stage6.WP08.Verifier.csproj" />
  <Project Path="verification/Falcon.Stage6.WP09.Verifier/Falcon.Stage6.WP09.Verifier.csproj" />
  <Project Path="verification/Falcon.Stage6.WP10.Verifier/Falcon.Stage6.WP10.Verifier.csproj" />
  <Project Path="verification/Falcon.Stage6.CrossStageIntegration.Verifier/Falcon.Stage6.CrossStageIntegration.Verifier.csproj" />
  <Project Path="verification/Falcon.Stage7.WP01.Verifier/Falcon.Stage7.WP01.Verifier.csproj" />
  <Project Path="verification/Falcon.Stage7.WP02.Verifier/Falcon.Stage7.WP02.Verifier.csproj" />
  <Project Path="verification/Falcon.Stage7.WP03.Verifier/Falcon.Stage7.WP03.Verifier.csproj" />
  <Project Path="verification/Falcon.Stage7.WP04.Verifier/Falcon.Stage7.WP04.Verifier.csproj" />
  <Project Path="verification/Falcon.Stage7.WP05.Verifier/Falcon.Stage7.WP05.Verifier.csproj" />
  <Project Path="verification/Falcon.Stage7.WP06.Verifier/Falcon.Stage7.WP06.Verifier.csproj" />
  <Project Path="verification/Falcon.Stage7.WP07.Verifier/Falcon.Stage7.WP07.Verifier.csproj" />
  <Project Path="verification/Falcon.Stage7.WP08.Verifier/Falcon.Stage7.WP08.Verifier.csproj" />
  <Project Path="verification/Falcon.Stage7.WP09.Verifier/Falcon.Stage7.WP09.Verifier.csproj" />
  <Project Path="verification/Falcon.Stage7.WP10.Verifier/Falcon.Stage7.WP10.Verifier.csproj" />
  <Project Path="verification/Falcon.Stage7.CrossStageIntegration.Verifier/Falcon.Stage7.CrossStageIntegration.Verifier.csproj" />
  <Project Path="verification/Falcon.Stage8.WP01.Verifier/Falcon.Stage8.WP01.Verifier.csproj" />
  <Project Path="verification/Falcon.Stage8.WP02.Verifier/Falcon.Stage8.WP02.Verifier.csproj" />
  <Project Path="verification/Falcon.Stage8.WP03.Verifier/Falcon.Stage8.WP03.Verifier.csproj" />
  <Project Path="verification/Falcon.Stage8.WP04.Verifier/Falcon.Stage8.WP04.Verifier.csproj" />
  <Project Path="verification/Falcon.Stage8.WP05.Verifier/Falcon.Stage8.WP05.Verifier.csproj" />
  <Project Path="verification/Falcon.Stage8.WP06.Verifier/Falcon.Stage8.WP06.Verifier.csproj" />
  <Project Path="verification/Falcon.Stage8.WP07.Verifier/Falcon.Stage8.WP07.Verifier.csproj" />
  <Project Path="verification/Falcon.Stage8.WP08.Verifier/Falcon.Stage8.WP08.Verifier.csproj" />
  <Project Path="verification/Falcon.Stage8.WP09.Verifier/Falcon.Stage8.WP09.Verifier.csproj" />
  <Project Path="verification/Falcon.Stage8.WP10.Verifier/Falcon.Stage8.WP10.Verifier.csproj" />
  <Project Path="verification/Falcon.Stage9.WP01.Verifier/Falcon.Stage9.WP01.Verifier.csproj" />
  <Project Path="verification/Falcon.Stage9.WP02.Verifier/Falcon.Stage9.WP02.Verifier.csproj" />
  <Project Path="verification/Falcon.Stage9.WP03.Verifier/Falcon.Stage9.WP03.Verifier.csproj" />
  <Project Path="verification/Falcon.Stage9.WP04.Verifier/Falcon.Stage9.WP04.Verifier.csproj" />
  <Project Path="verification/Falcon.Stage9.WP05.Verifier/Falcon.Stage9.WP05.Verifier.csproj" />
  <Project Path="verification/Falcon.Stage9.WP06.Verifier/Falcon.Stage9.WP06.Verifier.csproj" />
  <Project Path="verification/Falcon.Stage9.WP07.Verifier/Falcon.Stage9.WP07.Verifier.csproj" />
  <Project Path="verification/Falcon.Stage9.WP08.Verifier/Falcon.Stage9.WP08.Verifier.csproj" />
  <Project Path="verification/Falcon.Stage9.WP09.Verifier/Falcon.Stage9.WP09.Verifier.csproj" />
  <Project Path="verification/Falcon.Stage9.WP10.Verifier/Falcon.Stage9.WP10.Verifier.csproj" />
  <Project Path="verification/Falcon.Stage10.VPL008.Verifier/Falcon.Stage10.VPL008.Verifier.csproj" />
  <Project Path="verification/Falcon.Stage11.TransportObservability.Verifier/Falcon.Stage11.TransportObservability.Verifier.csproj" />
  <Project Path="verification/Falcon.Stage12.ExternalAccess.Verifier/Falcon.Stage12.ExternalAccess.Verifier.csproj" />
  <Project Path="verification/Falcon.Stage13.WP01.AiKillControl.Verifier/Falcon.Stage13.WP01.AiKillControl.Verifier.csproj" />
  <Project Path="verification/Falcon.Stage13.Integrated.Verifier/Falcon.Stage13.Integrated.Verifier.csproj" />
  <Project Path="verification/Falcon.Stage14.ArtifactPublication.Verifier/Falcon.Stage14.ArtifactPublication.Verifier.csproj" />
  <Project Path="verification/Falcon.Stage15.ApplicationRuntimeHosting.Verifier/Falcon.Stage15.ApplicationRuntimeHosting.Verifier.csproj" />
  <Project Path="verification/Falcon.Stage16.IdentityRuntime.Verifier/Falcon.Stage16.IdentityRuntime.Verifier.csproj" />
  <Project Path="verification/Falcon.CanonicalArtifactPublication.Verifier/Falcon.CanonicalArtifactPublication.Verifier.csproj" />
  <Project Path="verification/Falcon.PublicRuntimeProjection.Verifier/Falcon.PublicRuntimeProjection.Verifier.csproj" />
  <Project Path="verification/Falcon.FoundationUnknownApplication.Verifier/Falcon.FoundationUnknownApplication.Verifier.csproj" />
  <Project Path="verification/Falcon.FoundationFcrFollowup.Verifier/Falcon.FoundationFcrFollowup.Verifier.csproj" />
  <Project Path="verification/Falcon.Fcr0082.Stage9ApplicationRecoveryBinding.Verifier/Falcon.Fcr0082.Stage9ApplicationRecoveryBinding.Verifier.csproj" />
  <Project Path="verification/Falcon.Fcr0239.OperationalProjectionProfile.Verifier/Falcon.Fcr0239.OperationalProjectionProfile.Verifier.csproj" />
  <Project Path="verification/Falcon.Fcr0241.OwnerGovernanceTransport.Verifier/Falcon.Fcr0241.OwnerGovernanceTransport.Verifier.csproj" />
  <Project Path="verification/Falcon.RepositorySecuritySurface.Verifier/Falcon.RepositorySecuritySurface.Verifier.csproj" />
  <Project Path="verification/Falcon.MessageDeliveryIntegrity.Verifier/Falcon.MessageDeliveryIntegrity.Verifier.csproj" />
</Solution>